
Microsoft Visual Studio Solution File, Format Version 12.00
# Visual Studio 15
Project("{FAE04EC0-301F-11D3-BF4B-00C04F79EFBC}") = "Assembly-CSharp", "Assembly-CSharp.csproj", "{BA7160DA-0AE8-55F1-3407-8E1021D9BF49}"
EndProject
Project("{FAE04EC0-301F-11D3-BF4B-00C04F79EFBC}") = "Assembly-CSharp-Editor", "Assembly-CSharp-Editor.csproj", "{4E03F25F-9FB8-CB6A-D466-C6BF6B300AF8}"
EndProject
Global
	GlobalSection(SolutionConfigurationPlatforms) = preSolution
		Debug|Any CPU = Debug|Any CPU
		Release|Any CPU = Release|Any CPU
	EndGlobalSection
	GlobalSection(ProjectConfigurationPlatforms) = postSolution
		{BA7160DA-0AE8-55F1-3407-8E1021D9BF49}.Debug|Any CPU.ActiveCfg = Debug|Any CPU
		{BA7160DA-0AE8-55F1-3407-8E1021D9BF49}.Debug|Any CPU.Build.0 = Debug|Any CPU
		{BA7160DA-0AE8-55F1-3407-8E1021D9BF49}.Release|Any CPU.ActiveCfg = Release|Any CPU
		{BA7160DA-0AE8-55F1-3407-8E1021D9BF49}.Release|Any CPU.Build.0 = Release|Any CPU
		{4E03F25F-9FB8-CB6A-D466-C6BF6B300AF8}.Debug|Any CPU.ActiveCfg = Debug|Any CPU
		{4E03F25F-9FB8-CB6A-D466-C6BF6B300AF8}.Debug|Any CPU.Build.0 = Debug|Any CPU
		{4E03F25F-9FB8-CB6A-D466-C6BF6B300AF8}.Release|Any CPU.ActiveCfg = Release|Any CPU
		{4E03F25F-9FB8-CB6A-D466-C6BF6B300AF8}.Release|Any CPU.Build.0 = Release|Any CPU
	EndGlobalSection
	GlobalSection(SolutionProperties) = preSolution
		HideSolutionNode = FALSE
	EndGlobalSection
EndGlobal
